// !$*UTF8*$!
{
	archiveVersion = 1;
	classes = {
	};
	objectVersion = 46;
	objects = {

/* Begin PBXBuildFile section */
		D0CA506B1C76F8E500D70FA2 /* AppDelegate.swift in Sources */ = {isa = PBXBuildFile; fileRef = D0CA506A1C76F8E500D70FA2 /* AppDelegate.swift */; };
		D0CA506D1C76F8E500D70FA2 /* ViewController.swift in Sources */ = {isa = PBXBuildFile; fileRef = D0CA506C1C76F8E500D70FA2 /* ViewController.swift */; };
		D0CA50701C76F8E500D70FA2 /* Main.storyboard in Resources */ = {isa = PBXBuildFile; fileRef = D0CA506E1C76F8E500D70FA2 /* Main.storyboard */; };
		D0CA50721C76F8E500D70FA2 /* Assets.xcassets in Resources */ = {isa = PBXBuildFile; fileRef = D0CA50711C76F8E500D70FA2 /* Assets.xcassets */; };
		D0CA50751C76F8E500D70FA2 /* LaunchScreen.storyboard in Resources */ = {isa = PBXBuildFile; fileRef = D0CA50731C76F8E500D70FA2 /* LaunchScreen.storyboard */; };
/* End PBXBuildFile section */

/* Begin PBXFileReference section */
		D0CA50671C76F8E500D70FA2 /* LayoutGuides.app */ = {isa = PBXFileReference; explicitFileType = wrapper.application; includeInIndex = 0; path = LayoutGuides.app; sourceTree = BUILT_PRODUCTS_DIR; };
		D0CA506A1C76F8E500D70FA2 /* AppDelegate.swift */ = {isa = PBXFileReference; lastKnownFileType = sourcecode.swift; path = AppDelegate.swift; sourceTree = "<group>"; };
		D0CA506C1C76F8E500D70FA2 /* ViewController.swift */ = {isa = PBXFileReference; lastKnownFileType = sourcecode.swift; path = ViewController.swift; sourceTree = "<group>"; };
		D0CA506F1C76F8E500D70FA2 /* Base */ = {isa = PBXFileReference; lastKnownFileType = file.storyboard; name = Base; path = Base.lproj/Main.storyboard; sourceTree = "<group>"; };
		D0CA50711C76F8E500D70FA2 /* Assets.xcassets */ = {isa = PBXFileReference; lastKnownFileType = folder.assetcatalog; path = Assets.xcassets; sourceTree = "<group>"; };
		D0CA50741C76F8E500D70FA2 /* Base */ = {isa = PBXFileReference; lastKnownFileType = file.storyboard; name = Base; path = Base.lproj/LaunchScreen.storyboard; sourceTree = "<group>"; };
		D0CA50761C76F8E500D70FA2 /* Info.plist */ = {isa = PBXFileReference; lastKnownFileType = text.plist.xml; path = Info.plist; sourceTree = "<group>"; };
/* End PBXFileReference section */

/* Begin PBXFrameworksBuildPhase section */
		D0CA50641C76F8E500D70FA2 /* Frameworks */ = {
			isa = PBXFrameworksBuildPhase;
			buildActionMask = 2147483647;
			files = (
			);
			runOnlyForDeploymentPostprocessing = 0;
		};
/* End PBXFrameworksBuildPhase section */

/* Begin PBXGroup section */
		D0CA505E1C76F8E400D70FA2 = {
			isa = PBXGroup;
			children = (
				D0CA50691C76F8E500D70FA2 /* LayoutGuides */,
				D0CA50681C76F8E500D70FA2 /* Products */,
			);
			sourceTree = "<group>";
		};
		D0CA50681C76F8E500D70FA2 /* Products */ = {
			isa = PBXGroup;
			children = (
				D0CA50671C76F8E500D70FA2 /* LayoutGuides.app */,
			);
			name = Products;
			sourceTree = "<group>";
		};
		D0CA50691C76F8E500D70FA2 /* LayoutGuides */ = {
			isa = PBXGroup;
			children = (
				D0CA506A1C76F8E500D70FA2 /* AppDelegate.swift */,
				D0CA506C1C76F8E500D70FA2 /* ViewController.swift */,
				D0CA506E1C76F8E500D70FA2 /* Main.storyboard */,
				D0CA50711C76F8E500D70FA2 /* Assets.xcassets */,
				D0CA50731C76F8E500D70FA2 /* LaunchScreen.storyboard */,
				D0CA50761C76F8E500D70FA2 /* Info.plist */,
			);
			path = LayoutGuides;
			sourceTree = "<group>";
		};
/* End PBXGroup section */

/* Begin PBXNativeTarget section */
		D0CA50661C76F8E500D70FA2 /* LayoutGuides */ = {
			isa = PBXNativeTarget;
			buildConfigurationList = D0CA50791C76F8E500D70FA2 /* Build configuration list for PBXNativeTarget "LayoutGuides" */;
			buildPhases = (
				D0CA50631C76F8E500D70FA2 /* Sources */,
				D0CA50641C76F8E500D70FA2 /* Frameworks */,
				D0CA50651C76F8E500D70FA2 /* Resources */,
			);
			buildRules = (
			);
			dependencies = (
			);
			name = LayoutGuides;
			productName = LayoutGuides;
			productReference = D0CA50671C76F8E500D70FA2 /* LayoutGuides.app */;
			productType = "com.apple.product-type.application";
		};
/* End PBXNativeTarget section */

/* Begin PBXProject section */
		D0CA505F1C76F8E500D70FA2 /* Project object */ = {
			isa = PBXProject;
			attributes = {
				LastSwiftUpdateCheck = 0730;
				LastUpgradeCheck = 0730;
				ORGANIZATIONNAME = "Justin Edmund";
				TargetAttributes = {
					D0CA50661C76F8E500D70FA2 = {
						CreatedOnToolsVersion = 7.3;
					};
				};
			};
			buildConfigurationList = D0CA50621C76F8E500D70FA2 /* Build configuration list for PBXProject "LayoutGuides" */;
			compatibilityVersion = "Xcode 3.2";
			developmentRegion = English;
			hasScannedForEncodings = 0;
			knownRegions = (
				en,
				Base,
			);
			mainGroup = D0CA505E1C76F8E400D70FA2;
			productRefGroup = D0CA50681C76F8E500D70FA2 /* Products */;
			projectDirPath = "";
			projectRoot = "";
			targets = (
				D0CA50661C76F8E500D70FA2 /* LayoutGuides */,
			);
		};
/* End PBXProject section */

/* Begin PBXResourcesBuildPhase section */
		D0CA50651C76F8E500D70FA2 /* Resources */ = {
			isa = PBXResourcesBuildPhase;
			buildActionMask = 2147483647;
			files = (
				D0CA50751C76F8E500D70FA2 /* LaunchScreen.storyboard in Resources */,
				D0CA50721C76F8E500D70FA2 /* Assets.xcassets in Resources */,
				D0CA50701C76F8E500D70FA2 /* Main.storyboard in Resources */,
			);
			runOnlyForDeploymentPostprocessing = 0;
		};
/* End PBXResourcesBuildPhase section */

/* Begin PBXSourcesBuildPhase section */
		D0CA50631C76F8E500D70FA2 /* Sources */ = {
			isa = PBXSourcesBuildPhase;
			buildActionMask = 2147483647;
			files = (
				D0CA506D1C76F8E500D70FA2 /* ViewController.swift in Sources */,
				D0CA506B1C76F8E500D70FA2 /* AppDelegate.swift in Sources */,
			);
			runOnlyForDeploymentPostprocessing = 0;
		};
/* End PBXSourcesBuildPhase section */

/* Begin PBXVariantGroup section */
		D0CA506E1C76F8E500D70FA2 /* Main.storyboard */ = {
			isa = PBXVariantGroup;
			children = (
				D0CA506F1C76F8E500D70FA2 /* Base */,
			);
			name = Main.storyboard;
			sourceTree = "<group>";
		};
		D0CA50731C76F8E500D70FA2 /* LaunchScreen.storyboard */ = {
			isa = PBXVariantGroup;
			children = (
				D0CA50741C76F8E500D70FA2 /* Base */,
			);
			name = LaunchScreen.storyboard;
			sourceTree = "<group>";
		};
/* End PBXVariantGroup section */

/* Begin XCBuildConfiguration section */
		D0CA50771C76F8E500D70FA2 /* Debug */ = {
			isa = XCBuildConfiguration;
			buildSettings = {
				ALWAYS_SEARCH_USER_PATHS = NO;
				CLANG_ANALYZER_NONNULL = YES;
				CLANG_CXX_LANGUAGE_STANDARD = "gnu++0x";
				CLANG_CXX_LIBRARY = "libc++";
				CLANG_ENABLE_MODULES = YES;
				CLANG_ENABLE_OBJC_ARC = YES;
				CLANG_WARN_BOOL_CONVERSION = YES;
				CLANG_WARN_CONSTANT_CONVERSION = YES;
				CLANG_WARN_DIRECT_OBJC_ISA_USAGE = YES_ERROR;
				CLANG_WARN_EMPTY_BODY = YES;
				CLANG_WARN_ENUM_CONVERSION = YES;
				CLANG_WARN_INT_CONVERSION = YES;
				CLANG_WARN_OBJC_ROOT_CLASS = YES_ERROR;
				CLANG_WARN_UNREACHABLE_CODE = YES;
				CLANG_WARN__DUPLICATE_METHOD_MATCH = YES;
				"CODE_SIGN_IDENTITY[sdk=iphoneos*]" = "iPhone Developer";
				COPY_PHASE_STRIP = NO;
				DEBUG_INFORMATION_FORMAT = dwarf;
				ENABLE_STRICT_OBJC_MSGSEND = YES;
				ENABLE_TESTABILITY = YES;
				GCC_C_LANGUAGE_STANDARD = gnu99;
				GCC_DYNAMIC_NO_PIC = NO;
				GCC_NO_COMMON_BLOCKS = YES;
				GCC_OPTIMIZATION_LEVEL = 0;
				GCC_PREPROCESSOR_DEFINITIONS = (
					"DEBUG=1",
					"$(inherited)",
				);
				GCC_WARN_64_TO_32_BIT_CONVERSION = YES;
				GCC_WARN_ABOUT_RETURN_TYPE = YES_ERROR;
				GCC_WARN_UNDECLARED_SELECTOR = YES;
				GCC_WARN_UNINITIALIZED_AUTOS = YES_AGGRESSIVE;
				GCC_WARN_UNUSED_FUNCTION = YES;
				GCC_WARN_UNUSED_VARIABLE = YES;
				IPHONEOS_DEPLOYMENT_TARGET = 9.3;
				MTL_ENABLE_DEBUG_INFO = YES;
				ONLY_ACTIVE_ARCH = YES;
				SDKROOT = iphoneos;
				SWIFT_OPTIMIZATION_LEVEL = "-Onone";
				TARGETED_DEVICE_FAMILY = "1,2";
			};
			name = Debug;
		};
		D0CA50781C76F8E500D70FA2 /* Release */ = {
			isa = XCBuildConfiguration;
			buildSettings = {
				ALWAYS_SEARCH_USER_PATHS = NO;
				CLANG_ANALYZER_NONNULL = YES;
				CLANG_CXX_LANGUAGE_STANDARD = "gnu++0x";
				CLANG_CXX_LIBRARY = "libc++";
				CLANG_ENABLE_MODULES = YES;
				CLANG_ENABLE_OBJC_ARC = YES;
				CLANG_WARN_BOOL_CONVERSION = YES;
				CLANG_WARN_CONSTANT_CONVERSION = YES;
				CLANG_WARN_DIRECT_OBJC_ISA_USAGE = YES_ERROR;
				CLANG_WARN_EMPTY_BODY = YES;
				CLANG_WARN_ENUM_CONVERSION = YES;
				CLANG_WARN_INT_CONVERSION = YES;
				CLANG_WARN_OBJC_ROOT_CLASS = YES_ERROR;
				CLANG_WARN_UNREACHABLE_CODE = YES;
				CLANG_WARN__DUPLICATE_METHOD_MATCH = YES;
				"CODE_SIGN_IDENTITY[sdk=iphoneos*]" = "iPhone Developer";
				COPY_PHASE_STRIP = NO;
				DEBUG_INFORMATION_FORMAT = "dwarf-with-dsym";
				ENABLE_NS_ASSERTIONS = NO;
				ENABLE_STRICT_OBJC_MSGSEND = YES;
				GCC_C_LANGUAGE_STANDARD = gnu99;
				GCC_NO_COMMON_BLOCKS = YES;
				GCC_WARN_64_TO_32_BIT_CONVERSION = YES;
				GCC_WARN_ABOUT_RETURN_TYPE = YES_ERROR;
				GCC_WARN_UNDECLARED_SELECTOR = YES;
				GCC_WARN_UNINITIALIZED_AUTOS = YES_AGGRESSIVE;
				GCC_WARN_UNUSED_FUNCTION = YES;
				GCC_WARN_UNUSED_VARIABLE = YES;
				IPHONEOS_DEPLOYMENT_TARGET = 9.3;
				MTL_ENABLE_DEBUG_INFO = NO;
				SDKROOT = iphoneos;
				TARGETED_DEVICE_FAMILY = "1,2";
				VALIDATE_PRODUCT = YES;
			};
			name = Release;
		};
		D0CA507A1C76F8E500D70FA2 /* Debug */ = {
			isa = XCBuildConfiguration;
			buildSettings = {
				ASSETCATALOG_COMPILER_APPICON_NAME = AppIcon;
				INFOPLIST_FILE = LayoutGuides/Info.plist;
				LD_RUNPATH_SEARCH_PATHS = "$(inherited) @executable_path/Frameworks";
				PRODUCT_BUNDLE_IDENTIFIER = com.attractor.LayoutGuides;
				PRODUCT_NAME = "$(TARGET_NAME)";
			};
			name = Debug;
		};
		D0CA507B1C76F8E500D70FA2 /* Release */ = {
			isa = XCBuildConfiguration;
			buildSettings = {
				ASSETCATALOG_COMPILER_APPICON_NAME = AppIcon;
				INFOPLIST_FILE = LayoutGuides/Info.plist;
				LD_RUNPATH_SEARCH_PATHS = "$(inherited) @executable_path/Frameworks";
				PRODUCT_BUNDLE_IDENTIFIER = com.attractor.LayoutGuides;
				PRODUCT_NAME = "$(TARGET_NAME)";
			};
			name = Release;
		};
/* End XCBuildConfiguration section */

/* Begin XCConfigurationList section */
		D0CA50621C76F8E500D70FA2 /* Build configuration list for PBXProject "LayoutGuides" */ = {
			isa = XCConfigurationList;
			buildConfigurations = (
				D0CA50771C76F8E500D70FA2 /* Debug */,
				D0CA50781C76F8E500D70FA2 /* Release */,
			);
			defaultConfigurationIsVisible = 0;
			defaultConfigurationName = Release;
		};
		D0CA50791C76F8E500D70FA2 /* Build configuration list for PBXNativeTarget "LayoutGuides" */ = {
			isa = XCConfigurationList;
			buildConfigurations = (
				D0CA507A1C76F8E500D70FA2 /* Debug */,
				D0CA507B1C76F8E500D70FA2 /* Release */,
			);
			defaultConfigurationIsVisible = 0;
		};
/* End XCConfigurationList section */
	};
	rootObject = D0CA505F1C76F8E500D70FA2 /* Project object */;
}
