// !$*UTF8*$!
{
	archiveVersion = 1;
	classes = {
	};
	objectVersion = 46;
	objects = {

/* Begin PBXBuildFile section */
		D0CA50721C76F8E500D70FA2 /* Assets.xcassets in Resources */ = {isa = PBXBuildFile; fileRef = D0CA50711C76F8E500D70FA2 /* Assets.xcassets */; };
		D0CA50831C76F91500D70FA2 /* AppDelegate.swift in Sources */ = {isa = PBXBuildFile; fileRef = D0CA507C1C76F91500D70FA2 /* AppDelegate.swift */; };
		D0CA50841C76F91500D70FA2 /* CustomView.swift in Sources */ = {isa = PBXBuildFile; fileRef = D0CA507D1C76F91500D70FA2 /* CustomView.swift */; };
		D0CA50851C76F91500D70FA2 /* CustomViewController.swift in Sources */ = {isa = PBXBuildFile; fileRef = D0CA507E1C76F91500D70FA2 /* CustomViewController.swift */; };
		D0CA50861C76F91500D70FA2 /* GuidedCustomView.swift in Sources */ = {isa = PBXBuildFile; fileRef = D0CA507F1C76F91500D70FA2 /* GuidedCustomView.swift */; };
		D0CA50871C76F91500D70FA2 /* GuidedSeparatedCustomViewController.swift in Sources */ = {isa = PBXBuildFile; fileRef = D0CA50801C76F91500D70FA2 /* GuidedSeparatedCustomViewController.swift */; };
		D0CA50881C76F91500D70FA2 /* SeparatedCustomViewController.swift in Sources */ = {isa = PBXBuildFile; fileRef = D0CA50811C76F91500D70FA2 /* SeparatedCustomViewController.swift */; };
		D0CA50891C76F91500D70FA2 /* UIView.swift in Sources */ = {isa = PBXBuildFile; fileRef = D0CA50821C76F91500D70FA2 /* UIView.swift */; };
/* End PBXBuildFile section */

/* Begin PBXFileReference section */
		D0CA50671C76F8E500D70FA2 /* LayoutGuides.app */ = {isa = PBXFileReference; explicitFileType = wrapper.application; includeInIndex = 0; path = LayoutGuides.app; sourceTree = BUILT_PRODUCTS_DIR; };
		D0CA50711C76F8E500D70FA2 /* Assets.xcassets */ = {isa = PBXFileReference; lastKnownFileType = folder.assetcatalog; path = Assets.xcassets; sourceTree = "<group>"; };
		D0CA50761C76F8E500D70FA2 /* Info.plist */ = {isa = PBXFileReference; lastKnownFileType = text.plist.xml; path = Info.plist; sourceTree = "<group>"; };
		D0CA507C1C76F91500D70FA2 /* AppDelegate.swift */ = {isa = PBXFileReference; fileEncoding = 4; lastKnownFileType = sourcecode.swift; path = AppDelegate.swift; sourceTree = "<group>"; };
		D0CA507D1C76F91500D70FA2 /* CustomView.swift */ = {isa = PBXFileReference; fileEncoding = 4; lastKnownFileType = sourcecode.swift; path = CustomView.swift; sourceTree = "<group>"; };
		D0CA507E1C76F91500D70FA2 /* CustomViewController.swift */ = {isa = PBXFileReference; fileEncoding = 4; lastKnownFileType = sourcecode.swift; path = CustomViewController.swift; sourceTree = "<group>"; };
		D0CA507F1C76F91500D70FA2 /* GuidedCustomView.swift */ = {isa = PBXFileReference; fileEncoding = 4; lastKnownFileType = sourcecode.swift; path = GuidedCustomView.swift; sourceTree = "<group>"; };
		D0CA50801C76F91500D70FA2 /* GuidedSeparatedCustomViewController.swift */ = {isa = PBXFileReference; fileEncoding = 4; lastKnownFileType = sourcecode.swift; path = GuidedSeparatedCustomViewController.swift; sourceTree = "<group>"; };
		D0CA50811C76F91500D70FA2 /* SeparatedCustomViewController.swift */ = {isa = PBXFileReference; fileEncoding = 4; lastKnownFileType = sourcecode.swift; path = SeparatedCustomViewController.swift; sourceTree = "<group>"; };
		D0CA50821C76F91500D70FA2 /* UIView.swift */ = {isa = PBXFileReference; fileEncoding = 4; lastKnownFileType = sourcecode.swift; path = UIView.swift; sourceTree = "<group>"; };
/* End PBXFileReference section */

/* Begin PBXFrameworksBuildPhase section */
		D0CA50641C76F8E500D70FA2 /* Frameworks */ = {
			isa = PBXFrameworksBuildPhase;
			buildActionMask = 2147483647;
			files = (
			);
			runOnlyForDeploymentPostprocessing = 0;
		};
/* End PBXFrameworksBuildPhase section */

/* Begin PBXGroup section */
		D0CA505E1C76F8E400D70FA2 = {
			isa = PBXGroup;
			children = (
				D0CA50691C76F8E500D70FA2 /* LayoutGuides */,
				D0CA50681C76F8E500D70FA2 /* Products */,
			);
			sourceTree = "<group>";
		};
		D0CA50681C76F8E500D70FA2 /* Products */ = {
			isa = PBXGroup;
			children = (
				D0CA50671C76F8E500D70FA2 /* LayoutGuides.app */,
			);
			name = Products;
			sourceTree = "<group>";
		};
		D0CA50691C76F8E500D70FA2 /* LayoutGuides */ = {
			isa = PBXGroup;
			children = (
				D0CA507C1C76F91500D70FA2 /* AppDelegate.swift */,
				D0CA507E1C76F91500D70FA2 /* CustomViewController.swift */,
				D0CA508B1C76F96100D70FA2 /* Separated */,
				D0CA508A1C76F95500D70FA2 /* Guided */,
				D0CA508C1C76F96800D70FA2 /* Extensions */,
				D0CA50711C76F8E500D70FA2 /* Assets.xcassets */,
				D0CA50761C76F8E500D70FA2 /* Info.plist */,
			);
			path = LayoutGuides;
			sourceTree = "<group>";
		};
		D0CA508A1C76F95500D70FA2 /* Guided */ = {
			isa = PBXGroup;
			children = (
				D0CA507F1C76F91500D70FA2 /* GuidedCustomView.swift */,
				D0CA50801C76F91500D70FA2 /* GuidedSeparatedCustomViewController.swift */,
			);
			name = Guided;
			sourceTree = "<group>";
		};
		D0CA508B1C76F96100D70FA2 /* Separated */ = {
			isa = PBXGroup;
			children = (
				D0CA507D1C76F91500D70FA2 /* CustomView.swift */,
				D0CA50811C76F91500D70FA2 /* SeparatedCustomViewController.swift */,
			);
			name = Separated;
			sourceTree = "<group>";
		};
		D0CA508C1C76F96800D70FA2 /* Extensions */ = {
			isa = PBXGroup;
			children = (
				D0CA50821C76F91500D70FA2 /* UIView.swift */,
			);
			name = Extensions;
			sourceTree = "<group>";
		};
/* End PBXGroup section */

/* Begin PBXNativeTarget section */
		D0CA50661C76F8E500D70FA2 /* LayoutGuides */ = {
			isa = PBXNativeTarget;
			buildConfigurationList = D0CA50791C76F8E500D70FA2 /* Build configuration list for PBXNativeTarget "LayoutGuides" */;
			buildPhases = (
				D0CA50631C76F8E500D70FA2 /* Sources */,
				D0CA50641C76F8E500D70FA2 /* Frameworks */,
				D0CA50651C76F8E500D70FA2 /* Resources */,
			);
			buildRules = (
			);
			dependencies = (
			);
			name = LayoutGuides;
			productName = LayoutGuides;
			productReference = D0CA50671C76F8E500D70FA2 /* LayoutGuides.app */;
			productType = "com.apple.product-type.application";
		};
/* End PBXNativeTarget section */

/* Begin PBXProject section */
		D0CA505F1C76F8E500D70FA2 /* Project object */ = {
			isa = PBXProject;
			attributes = {
				LastSwiftUpdateCheck = 0730;
				LastUpgradeCheck = 0730;
				ORGANIZATIONNAME = "Justin Edmund";
				TargetAttributes = {
					D0CA50661C76F8E500D70FA2 = {
						CreatedOnToolsVersion = 7.3;
					};
				};
			};
			buildConfigurationList = D0CA50621C76F8E500D70FA2 /* Build configuration list for PBXProject "LayoutGuides" */;
			compatibilityVersion = "Xcode 3.2";
			developmentRegion = English;
			hasScannedForEncodings = 0;
			knownRegions = (
				en,
				Base,
			);
			mainGroup = D0CA505E1C76F8E400D70FA2;
			productRefGroup = D0CA50681C76F8E500D70FA2 /* Products */;
			projectDirPath = "";
			projectRoot = "";
			targets = (
				D0CA50661C76F8E500D70FA2 /* LayoutGuides */,
			);
		};
/* End PBXProject section */

/* Begin PBXResourcesBuildPhase section */
		D0CA50651C76F8E500D70FA2 /* Resources */ = {
			isa = PBXResourcesBuildPhase;
			buildActionMask = 2147483647;
			files = (
				D0CA50721C76F8E500D70FA2 /* Assets.xcassets in Resources */,
			);
			runOnlyForDeploymentPostprocessing = 0;
		};
/* End PBXResourcesBuildPhase section */

/* Begin PBXSourcesBuildPhase section */
		D0CA50631C76F8E500D70FA2 /* Sources */ = {
			isa = PBXSourcesBuildPhase;
			buildActionMask = 2147483647;
			files = (
				D0CA50851C76F91500D70FA2 /* CustomViewController.swift in Sources */,
				D0CA50861C76F91500D70FA2 /* GuidedCustomView.swift in Sources */,
				D0CA50831C76F91500D70FA2 /* AppDelegate.swift in Sources */,
				D0CA50891C76F91500D70FA2 /* UIView.swift in Sources */,
				D0CA50871C76F91500D70FA2 /* GuidedSeparatedCustomViewController.swift in Sources */,
				D0CA50841C76F91500D70FA2 /* CustomView.swift in Sources */,
				D0CA50881C76F91500D70FA2 /* SeparatedCustomViewController.swift in Sources */,
			);
			runOnlyForDeploymentPostprocessing = 0;
		};
/* End PBXSourcesBuildPhase section */

/* Begin XCBuildConfiguration section */
		D0CA50771C76F8E500D70FA2 /* Debug */ = {
			isa = XCBuildConfiguration;
			buildSettings = {
				ALWAYS_SEARCH_USER_PATHS = NO;
				CLANG_ANALYZER_NONNULL = YES;
				CLANG_CXX_LANGUAGE_STANDARD = "gnu++0x";
				CLANG_CXX_LIBRARY = "libc++";
				CLANG_ENABLE_MODULES = YES;
				CLANG_ENABLE_OBJC_ARC = YES;
				CLANG_WARN_BOOL_CONVERSION = YES;
				CLANG_WARN_CONSTANT_CONVERSION = YES;
				CLANG_WARN_DIRECT_OBJC_ISA_USAGE = YES_ERROR;
				CLANG_WARN_EMPTY_BODY = YES;
				CLANG_WARN_ENUM_CONVERSION = YES;
				CLANG_WARN_INT_CONVERSION = YES;
				CLANG_WARN_OBJC_ROOT_CLASS = YES_ERROR;
				CLANG_WARN_UNREACHABLE_CODE = YES;
				CLANG_WARN__DUPLICATE_METHOD_MATCH = YES;
				"CODE_SIGN_IDENTITY[sdk=iphoneos*]" = "iPhone Developer";
				COPY_PHASE_STRIP = NO;
				DEBUG_INFORMATION_FORMAT = dwarf;
				ENABLE_STRICT_OBJC_MSGSEND = YES;
				ENABLE_TESTABILITY = YES;
				GCC_C_LANGUAGE_STANDARD = gnu99;
				GCC_DYNAMIC_NO_PIC = NO;
				GCC_NO_COMMON_BLOCKS = YES;
				GCC_OPTIMIZATION_LEVEL = 0;
				GCC_PREPROCESSOR_DEFINITIONS = (
					"DEBUG=1",
					"$(inherited)",
				);
				GCC_WARN_64_TO_32_BIT_CONVERSION = YES;
				GCC_WARN_ABOUT_RETURN_TYPE = YES_ERROR;
				GCC_WARN_UNDECLARED_SELECTOR = YES;
				GCC_WARN_UNINITIALIZED_AUTOS = YES_AGGRESSIVE;
				GCC_WARN_UNUSED_FUNCTION = YES;
				GCC_WARN_UNUSED_VARIABLE = YES;
				IPHONEOS_DEPLOYMENT_TARGET = 9.3;
				MTL_ENABLE_DEBUG_INFO = YES;
				ONLY_ACTIVE_ARCH = YES;
				SDKROOT = iphoneos;
				SWIFT_OPTIMIZATION_LEVEL = "-Onone";
				TARGETED_DEVICE_FAMILY = "1,2";
			};
			name = Debug;
		};
		D0CA50781C76F8E500D70FA2 /* Release */ = {
			isa = XCBuildConfiguration;
			buildSettings = {
				ALWAYS_SEARCH_USER_PATHS = NO;
				CLANG_ANALYZER_NONNULL = YES;
				CLANG_CXX_LANGUAGE_STANDARD = "gnu++0x";
				CLANG_CXX_LIBRARY = "libc++";
				CLANG_ENABLE_MODULES = YES;
				CLANG_ENABLE_OBJC_ARC = YES;
				CLANG_WARN_BOOL_CONVERSION = YES;
				CLANG_WARN_CONSTANT_CONVERSION = YES;
				CLANG_WARN_DIRECT_OBJC_ISA_USAGE = YES_ERROR;
				CLANG_WARN_EMPTY_BODY = YES;
				CLANG_WARN_ENUM_CONVERSION = YES;
				CLANG_WARN_INT_CONVERSION = YES;
				CLANG_WARN_OBJC_ROOT_CLASS = YES_ERROR;
				CLANG_WARN_UNREACHABLE_CODE = YES;
				CLANG_WARN__DUPLICATE_METHOD_MATCH = YES;
				"CODE_SIGN_IDENTITY[sdk=iphoneos*]" = "iPhone Developer";
				COPY_PHASE_STRIP = NO;
				DEBUG_INFORMATION_FORMAT = "dwarf-with-dsym";
				ENABLE_NS_ASSERTIONS = NO;
				ENABLE_STRICT_OBJC_MSGSEND = YES;
				GCC_C_LANGUAGE_STANDARD = gnu99;
				GCC_NO_COMMON_BLOCKS = YES;
				GCC_WARN_64_TO_32_BIT_CONVERSION = YES;
				GCC_WARN_ABOUT_RETURN_TYPE = YES_ERROR;
				GCC_WARN_UNDECLARED_SELECTOR = YES;
				GCC_WARN_UNINITIALIZED_AUTOS = YES_AGGRESSIVE;
				GCC_WARN_UNUSED_FUNCTION = YES;
				GCC_WARN_UNUSED_VARIABLE = YES;
				IPHONEOS_DEPLOYMENT_TARGET = 9.3;
				MTL_ENABLE_DEBUG_INFO = NO;
				SDKROOT = iphoneos;
				TARGETED_DEVICE_FAMILY = "1,2";
				VALIDATE_PRODUCT = YES;
			};
			name = Release;
		};
		D0CA507A1C76F8E500D70FA2 /* Debug */ = {
			isa = XCBuildConfiguration;
			buildSettings = {
				ASSETCATALOG_COMPILER_APPICON_NAME = AppIcon;
				ASSETCATALOG_COMPILER_LAUNCHIMAGE_NAME = LaunchImage;
				CLANG_ENABLE_MODULES = YES;
				INFOPLIST_FILE = LayoutGuides/Info.plist;
				LD_RUNPATH_SEARCH_PATHS = "$(inherited) @executable_path/Frameworks";
				PRODUCT_BUNDLE_IDENTIFIER = com.attractor.LayoutGuides;
				PRODUCT_NAME = "$(TARGET_NAME)";
				SWIFT_OPTIMIZATION_LEVEL = "-Onone";
			};
			name = Debug;
		};
		D0CA507B1C76F8E500D70FA2 /* Release */ = {
			isa = XCBuildConfiguration;
			buildSettings = {
				ASSETCATALOG_COMPILER_APPICON_NAME = AppIcon;
				ASSETCATALOG_COMPILER_LAUNCHIMAGE_NAME = LaunchImage;
				CLANG_ENABLE_MODULES = YES;
				INFOPLIST_FILE = LayoutGuides/Info.plist;
				LD_RUNPATH_SEARCH_PATHS = "$(inherited) @executable_path/Frameworks";
				PRODUCT_BUNDLE_IDENTIFIER = com.attractor.LayoutGuides;
				PRODUCT_NAME = "$(TARGET_NAME)";
			};
			name = Release;
		};
/* End XCBuildConfiguration section */

/* Begin XCConfigurationList section */
		D0CA50621C76F8E500D70FA2 /* Build configuration list for PBXProject "LayoutGuides" */ = {
			isa = XCConfigurationList;
			buildConfigurations = (
				D0CA50771C76F8E500D70FA2 /* Debug */,
				D0CA50781C76F8E500D70FA2 /* Release */,
			);
			defaultConfigurationIsVisible = 0;
			defaultConfigurationName = Release;
		};
		D0CA50791C76F8E500D70FA2 /* Build configuration list for PBXNativeTarget "LayoutGuides" */ = {
			isa = XCConfigurationList;
			buildConfigurations = (
				D0CA507A1C76F8E500D70FA2 /* Debug */,
				D0CA507B1C76F8E500D70FA2 /* Release */,
			);
			defaultConfigurationIsVisible = 0;
		};
/* End XCConfigurationList section */
	};
	rootObject = D0CA505F1C76F8E500D70FA2 /* Project object */;
}
